
Microsoft Visual Studio Solution File, Format Version 12.00
# Visual Studio Version 16
VisualStudioVersion = 16.0.32630.194
MinimumVisualStudioVersion = 10.0.40219.1
Project("{FAE04EC0-301F-11D3-BF4B-00C04F79EFBC}") = "OCELOTDEMO", "OCELOTDEMO\OCELOTDEMO.csproj", "{4B131E65-F081-410B-9400-5933D833712B}"
EndProject
Global
	GlobalSection(SolutionConfigurationPlatforms) = preSolution
		Debug|Any CPU = Debug|Any CPU
		Release|Any CPU = Release|Any CPU
	EndGlobalSection
	GlobalSection(ProjectConfigurationPlatforms) = postSolution
		{4B131E65-F081-410B-9400-5933D833712B}.Debug|Any CPU.ActiveCfg = Debug|Any CPU
		{4B131E65-F081-410B-9400-5933D833712B}.Debug|Any CPU.Build.0 = Debug|Any CPU
		{4B131E65-F081-410B-9400-5933D833712B}.Release|Any CPU.ActiveCfg = Release|Any CPU
		{4B131E65-F081-410B-9400-5933D833712B}.Release|Any CPU.Build.0 = Release|Any CPU
	EndGlobalSection
	GlobalSection(SolutionProperties) = preSolution
		HideSolutionNode = FALSE
	EndGlobalSection
	GlobalSection(ExtensibilityGlobals) = postSolution
		SolutionGuid = {849AE41D-1A38-467E-8527-44D00074B7B7}
	EndGlobalSection
EndGlobal
